
Microsoft Visual Studio Solution File, Format Version 12.00
# Visual Studio 2012
Project("{FAE04EC0-301F-11D3-BF4B-00C04F79EFBC}") = "Aspose.POC", "Aspose.POC\Aspose.POC.csproj", "{F93BDEFD-5EFF-4939-BF05-9C401FB2B4A9}"
EndProject
Global
	GlobalSection(SolutionConfigurationPlatforms) = preSolution
		Debug|Any CPU = Debug|Any CPU
		Release|Any CPU = Release|Any CPU
	EndGlobalSection
	GlobalSection(ProjectConfigurationPlatforms) = postSolution
		{F93BDEFD-5EFF-4939-BF05-9C401FB2B4A9}.Debug|Any CPU.ActiveCfg = Debug|Any CPU
		{F93BDEFD-5EFF-4939-BF05-9C401FB2B4A9}.Debug|Any CPU.Build.0 = Debug|Any CPU
		{F93BDEFD-5EFF-4939-BF05-9C401FB2B4A9}.Release|Any CPU.ActiveCfg = Release|Any CPU
		{F93BDEFD-5EFF-4939-BF05-9C401FB2B4A9}.Release|Any CPU.Build.0 = Release|Any CPU
	EndGlobalSection
	GlobalSection(SolutionProperties) = preSolution
		HideSolutionNode = FALSE
	EndGlobalSection
EndGlobal
